
Microsoft Visual Studio Solution File, Format Version 12.00
# Visual Studio Version 17
VisualStudioVersion = 17.11.35327.3
MinimumVisualStudioVersion = 10.0.40219.1
Project("{9A19103F-16F7-4668-BE54-9A1E7A4F7556}") = "SemaphoreSlimCase", "SemaphoreSlimCase\SemaphoreSlimCase.csproj", "{D6E059F0-DED6-4128-AD80-2345A59FDEC1}"
EndProject
Global
	GlobalSection(SolutionConfigurationPlatforms) = preSolution
		Debug|Any CPU = Debug|Any CPU
		Release|Any CPU = Release|Any CPU
	EndGlobalSection
	GlobalSection(ProjectConfigurationPlatforms) = postSolution
		{D6E059F0-DED6-4128-AD80-2345A59FDEC1}.Debug|Any CPU.ActiveCfg = Debug|Any CPU
		{D6E059F0-DED6-4128-AD80-2345A59FDEC1}.Debug|Any CPU.Build.0 = Debug|Any CPU
		{D6E059F0-DED6-4128-AD80-2345A59FDEC1}.Release|Any CPU.ActiveCfg = Release|Any CPU
		{D6E059F0-DED6-4128-AD80-2345A59FDEC1}.Release|Any CPU.Build.0 = Release|Any CPU
	EndGlobalSection
	GlobalSection(SolutionProperties) = preSolution
		HideSolutionNode = FALSE
	EndGlobalSection
	GlobalSection(ExtensibilityGlobals) = postSolution
		SolutionGuid = {0E14F63B-82B2-4938-9AA3-5C957A022B30}
	EndGlobalSection
EndGlobal
